Microsoft Visual Studio Solution File, Format Version 12.00
# Visual Studio Version 17
VisualStudioVersion = 17.5.2.0
MinimumVisualStudioVersion = 10.0.40219.1
Project("{FAE04EC0-301F-11D3-BF4B-00C04F79EFBC}") = "KucniSavetBackend", "KucniSavetBackend.csproj", "{1340766D-FFAB-6C65-14FD-3AF154926519}"
EndProject
Global
	GlobalSection(SolutionConfigurationPlatforms) = preSolution
		Debug|Any CPU = Debug|Any CPU
		Release|Any CPU = Release|Any CPU
	EndGlobalSection
	GlobalSection(ProjectConfigurationPlatforms) = postSolution
		{1340766D-FFAB-6C65-14FD-3AF154926519}.Debug|Any CPU.ActiveCfg = Debug|Any CPU
		{1340766D-FFAB-6C65-14FD-3AF154926519}.Debug|Any CPU.Build.0 = Debug|Any CPU
		{1340766D-FFAB-6C65-14FD-3AF154926519}.Release|Any CPU.ActiveCfg = Release|Any CPU
		{1340766D-FFAB-6C65-14FD-3AF154926519}.Release|Any CPU.Build.0 = Release|Any CPU
	EndGlobalSection
	GlobalSection(SolutionProperties) = preSolution
		HideSolutionNode = FALSE
	EndGlobalSection
	GlobalSection(ExtensibilityGlobals) = postSolution
		SolutionGuid = {94A1DA49-58CB-41AB-8FF0-39A2F1707242}
	EndGlobalSection
EndGlobal
